github.com/go-widgets/mvvm v0.3.0 h1:rVU/phb6nKF+deCDHSuKGFp75+PcXZHtrIFT4ghjf/A=
github.com/go-widgets/mvvm v0.3.0/go.mod h1:H2J6jSNOVj3f9JHlxwAPOE6pFniT5CeOEc8vEUqGU54=
github.com/go-widgets/mvvm v0.8.0 h1:DqyNiNNTdITkMOdAwGvWFuCd6xpTaDRS2S+LNxd8inA=
github.com/go-widgets/mvvm v0.8.0/go.mod h1:GuGxC1kVTiPWANsAfKBPFb2YlmoG55J3NmZauvyqJ6w=
github.com/go-widgets/mvvm v0.9.0 h1:NwW/hAAsJUGlxmNt0ErQ7fUrud3w5Ys1RWm7hVugdJs=
github.com/go-widgets/mvvm v0.9.0/go.mod h1:1cUYVpDei59Ka7W3pMD1FWksBmBXfPnbPWHzBAJ/ebA=
